<Solution>
  <Folder Name="/src/">
    <Project Path="src/Borough.Analysers/Borough.Analysers.csproj" />
    <Project Path="src/Borough.Core/Borough.Core.csproj" />
    <Project Path="src/Borough.Formats/Borough.Formats.csproj" />
    <Project Path="src/Borough.Headless/Borough.Headless.csproj" />
  </Folder>
  <Folder Name="/tests/">
    <Project Path="tests/Borough.Tests/Borough.Tests.csproj" />
  </Folder>
  <!-- Throwaway. plans/0004 deletes this once the numbers are in docs/spike-results.md. -->
  <Folder Name="/spikes/">
    <Project Path="spikes/S4.Kernels/S4.Kernels.csproj" />
    <Project Path="spikes/S2.Routing/S2.Routing.csproj" />
  </Folder>
</Solution>
